{
    "name": "@tamuu/api",
    "version": "0.1.0",
    "lockfileVersion": 3,
    "requires": true,
    "packages": {
        "": {
            "name": "@tamuu/api",
            "version": "0.1.0",
            "devDependencies": {
                "@supabase/supabase-js": "^2.89.0",
                "wrangler": "^4.0.0"
            }
        },
        "../../node_modules/.pnpm/wrangler@4.54.0/node_modules/wrangler": {
            "version": "4.54.0",
            "dev": true,
            "license": "MIT OR Apache-2.0",
            "dependencies": {
                "@cloudflare/kv-asset-handler": "0.4.1",
                "@cloudflare/unenv-preset": "2.7.13",
                "blake3-wasm": "2.1.5",
                "esbuild": "0.27.0",
                "miniflare": "4.20251210.0",
                "path-to-regexp": "6.3.0",
                "unenv": "2.0.0-rc.24",
                "workerd": "1.20251210.0"
            },
            "bin": {
                "wrangler": "bin/wrangler.js",
                "wrangler2": "bin/wrangler.js"
            },
            "devDependencies": {
                "@aws-sdk/client-s3": "^3.721.0",
                "@cloudflare/cli": "1.1.4",
                "@cloudflare/containers-shared": "0.5.0",
                "@cloudflare/eslint-config-shared": "1.1.0",
                "@cloudflare/pages-shared": "^0.13.93",
                "@cloudflare/types": "6.18.4",
                "@cloudflare/workers-shared": "0.18.9",
                "@cloudflare/workers-tsconfig": "0.0.0",
                "@cloudflare/workers-types": "^4.20251210.0",
                "@cloudflare/workers-utils": "0.4.0",
                "@cloudflare/workflows-shared": "0.3.9",
                "@cspotcode/source-map-support": "0.8.1",
                "@netlify/build-info": "^10.0.9",
                "@sentry/node": "^7.86.0",
                "@sentry/types": "^7.86.0",
                "@sentry/utils": "^7.86.0",
                "@types/command-exists": "^1.2.0",
                "@types/cross-spawn": "^6.0.2",
                "@types/esprima": "^4.0.3",
                "@types/glob-to-regexp": "^0.4.1",
                "@types/is-ci": "^3.0.0",
                "@types/javascript-time-ago": "^2.0.3",
                "@types/json-diff": "^1.0.3",
                "@types/mime": "^3.0.4",
                "@types/minimatch": "^5.1.2",
                "@types/node": "^20.19.9",
                "@types/node-forge": "^1.3.11",
                "@types/prompts": "^2.0.14",
                "@types/resolve": "^1.20.6",
                "@types/shell-quote": "^1.7.2",
                "@types/signal-exit": "^3.0.1",
                "@types/supports-color": "^8.1.1",
                "@types/ws": "^8.5.7",
                "@types/yargs": "^17.0.22",
                "@vitest/ui": "~3.2.0",
                "@webcontainer/env": "^1.1.0",
                "capnweb": "^0.1.0",
                "chalk": "^5.2.0",
                "chokidar": "^4.0.1",
                "cli-table3": "^0.6.3",
                "cloudflare": "^5.2.0",
                "cmd-shim": "^4.1.0",
                "command-exists": "^1.2.9",
                "concurrently": "^8.2.2",
                "cross-spawn": "^7.0.3",
                "date-fns": "^4.1.0",
                "devtools-protocol": "^0.0.1182435",
                "dotenv": "^16.3.1",
                "dotenv-expand": "^12.0.2",
                "eslint": "^9.39.1",
                "esprima": "4.0.1",
                "execa": "^6.1.0",
                "find-up": "^6.3.0",
                "get-port": "^7.0.0",
                "glob-to-regexp": "^0.4.1",
                "https-proxy-agent": "7.0.2",
                "is-ci": "^3.0.1",
                "itty-time": "^1.0.6",
                "javascript-time-ago": "^2.5.4",
                "json-diff": "^1.0.6",
                "jsonc-parser": "^3.2.0",
                "md5-file": "5.0.0",
                "mime": "^3.0.0",
                "minimatch": "^5.1.0",
                "mock-socket": "^9.3.1",
                "msw": "2.12.0",
                "node-forge": "^1.3.1",
                "open": "^8.4.0",
                "p-queue": "^9.0.0",
                "patch-console": "^1.0.0",
                "pretty-bytes": "^6.0.0",
                "prompts": "^2.4.2",
                "recast": "0.23.11",
                "resolve": "^1.22.8",
                "rimraf": "^6.0.1",
                "semiver": "^1.1.0",
                "shell-quote": "^1.8.1",
                "signal-exit": "^3.0.7",
                "smol-toml": "^1.5.2",
                "source-map": "^0.6.1",
                "strip-ansi": "^7.1.0",
                "supports-color": "^9.2.2",
                "timeago.js": "^4.0.2",
                "ts-dedent": "^2.2.0",
                "ts-json-schema-generator": "^1.5.0",
                "tsup": "8.3.0",
                "typescript": "~5.8.3",
                "undici": "7.14.0",
                "update-check": "^1.5.4",
                "vitest": "~3.2.0",
                "vitest-websocket-mock": "^0.4.0",
                "ws": "8.18.0",
                "xxhash-wasm": "^1.0.1",
                "yaml": "^2.8.1",
                "yargs": "^17.7.2"
            },
            "engines": {
                "node": ">=20.0.0"
            },
            "optionalDependencies": {
                "fsevents": "~2.3.2"
            },
            "peerDependencies": {
                "@cloudflare/workers-types": "^4.20251210.0"
            },
            "peerDependenciesMeta": {
                "@cloudflare/workers-types": {
                    "optional": true
                }
            }
        },
        "node_modules/@supabase/auth-js": {
            "version": "2.89.0",
            "resolved": "https://registry.npmjs.org/@supabase/auth-js/-/auth-js-2.89.0.tgz",
            "integrity": "sha512-wiWZdz8WMad8LQdJMWYDZ2SJtZP5MwMqzQq3ehtW2ngiI3UTgbKiFrvMUUS3KADiVlk4LiGfODB2mrYx7w2f8w==",
            "dev": true,
            "license": "MIT",
            "dependencies": {
                "tslib": "2.8.1"
            },
            "engines": {
                "node": ">=20.0.0"
            }
        },
        "node_modules/@supabase/functions-js": {
            "version": "2.89.0",
            "resolved": "https://registry.npmjs.org/@supabase/functions-js/-/functions-js-2.89.0.tgz",
            "integrity": "sha512-XEueaC5gMe5NufNYfBh9kPwJlP5M2f+Ogr8rvhmRDAZNHgY6mI35RCkYDijd92pMcNM7g8pUUJov93UGUnqfyw==",
            "dev": true,
            "license": "MIT",
            "dependencies": {
                "tslib": "2.8.1"
            },
            "engines": {
                "node": ">=20.0.0"
            }
        },
        "node_modules/@supabase/postgrest-js": {
            "version": "2.89.0",
            "resolved": "https://registry.npmjs.org/@supabase/postgrest-js/-/postgrest-js-2.89.0.tgz",
            "integrity": "sha512-/b0fKrxV9i7RNOEXMno/I1862RsYhuUo+Q6m6z3ar1f4ulTMXnDfv0y4YYxK2POcgrOXQOgKYQx1eArybyNvtg==",
            "dev": true,
            "license": "MIT",
            "dependencies": {
                "tslib": "2.8.1"
            },
            "engines": {
                "node": ">=20.0.0"
            }
        },
        "node_modules/@supabase/realtime-js": {
            "version": "2.89.0",
            "resolved": "https://registry.npmjs.org/@supabase/realtime-js/-/realtime-js-2.89.0.tgz",
            "integrity": "sha512-aMOvfDb2a52u6PX6jrrjvACHXGV3zsOlWRzZsTIOAJa0hOVvRp01AwC1+nLTGUzxzezejrYeCX+KnnM1xHdl+w==",
            "dev": true,
            "license": "MIT",
            "dependencies": {
                "@types/phoenix": "^1.6.6",
                "@types/ws": "^8.18.1",
                "tslib": "2.8.1",
                "ws": "^8.18.2"
            },
            "engines": {
                "node": ">=20.0.0"
            }
        },
        "node_modules/@supabase/storage-js": {
            "version": "2.89.0",
            "resolved": "https://registry.npmjs.org/@supabase/storage-js/-/storage-js-2.89.0.tgz",
            "integrity": "sha512-6zKcXofk/M/4Eato7iqpRh+B+vnxeiTumCIP+Tz26xEqIiywzD9JxHq+udRrDuv6hXE+pmetvJd8n5wcf4MFRQ==",
            "dev": true,
            "license": "MIT",
            "dependencies": {
                "iceberg-js": "^0.8.1",
                "tslib": "2.8.1"
            },
            "engines": {
                "node": ">=20.0.0"
            }
        },
        "node_modules/@supabase/supabase-js": {
            "version": "2.89.0",
            "resolved": "https://registry.npmjs.org/@supabase/supabase-js/-/supabase-js-2.89.0.tgz",
            "integrity": "sha512-KlaRwSfFA0fD73PYVMHj5/iXFtQGCcX7PSx0FdQwYEEw9b2wqM7GxadY+5YwcmuEhalmjFB/YvqaoNVF+sWUlg==",
            "dev": true,
            "license": "MIT",
            "dependencies": {
                "@supabase/auth-js": "2.89.0",
                "@supabase/functions-js": "2.89.0",
                "@supabase/postgrest-js": "2.89.0",
                "@supabase/realtime-js": "2.89.0",
                "@supabase/storage-js": "2.89.0"
            },
            "engines": {
                "node": ">=20.0.0"
            }
        },
        "node_modules/@types/node": {
            "version": "25.0.3",
            "resolved": "https://registry.npmjs.org/@types/node/-/node-25.0.3.tgz",
            "integrity": "sha512-W609buLVRVmeW693xKfzHeIV6nJGGz98uCPfeXI1ELMLXVeKYZ9m15fAMSaUPBHYLGFsVRcMmSCksQOrZV9BYA==",
            "dev": true,
            "license": "MIT",
            "dependencies": {
                "undici-types": "~7.16.0"
            }
        },
        "node_modules/@types/phoenix": {
            "version": "1.6.7",
            "resolved": "https://registry.npmjs.org/@types/phoenix/-/phoenix-1.6.7.tgz",
            "integrity": "sha512-oN9ive//QSBkf19rfDv45M7eZPi0eEXylht2OLEXicu5b4KoQ1OzXIw+xDSGWxSxe1JmepRR/ZH283vsu518/Q==",
            "dev": true,
            "license": "MIT"
        },
        "node_modules/@types/ws": {
            "version": "8.18.1",
            "resolved": "https://registry.npmjs.org/@types/ws/-/ws-8.18.1.tgz",
            "integrity": "sha512-ThVF6DCVhA8kUGy+aazFQ4kXQ7E1Ty7A3ypFOe0IcJV8O/M511G99AW24irKrW56Wt44yG9+ij8FaqoBGkuBXg==",
            "dev": true,
            "license": "MIT",
            "dependencies": {
                "@types/node": "*"
            }
        },
        "node_modules/iceberg-js": {
            "version": "0.8.1",
            "resolved": "https://registry.npmjs.org/iceberg-js/-/iceberg-js-0.8.1.tgz",
            "integrity": "sha512-1dhVQZXhcHje7798IVM+xoo/1ZdVfzOMIc8/rgVSijRK38EDqOJoGula9N/8ZI5RD8QTxNQtK/Gozpr+qUqRRA==",
            "dev": true,
            "license": "MIT",
            "engines": {
                "node": ">=20.0.0"
            }
        },
        "node_modules/tslib": {
            "version": "2.8.1",
            "resolved": "https://registry.npmjs.org/tslib/-/tslib-2.8.1.tgz",
            "integrity": "sha512-oJFu94HQb+KVduSUQL7wnpmqnfmLsOA/nAh6b6EH0wCEoK0/mPeXU6c3wKDV83MkOuHPRHtSXKKU99IBazS/2w==",
            "dev": true,
            "license": "0BSD"
        },
        "node_modules/undici-types": {
            "version": "7.16.0",
            "resolved": "https://registry.npmjs.org/undici-types/-/undici-types-7.16.0.tgz",
            "integrity": "sha512-Zz+aZWSj8LE6zoxD+xrjh4VfkIG8Ya6LvYkZqtUQGJPZjYl53ypCaUwWqo7eI0x66KBGeRo+mlBEkMSeSZ38Nw==",
            "dev": true,
            "license": "MIT"
        },
        "node_modules/wrangler": {
            "resolved": "../../node_modules/.pnpm/wrangler@4.54.0/node_modules/wrangler",
            "link": true
        },
        "node_modules/ws": {
            "version": "8.18.3",
            "resolved": "https://registry.npmjs.org/ws/-/ws-8.18.3.tgz",
            "integrity": "sha512-PEIGCY5tSlUt50cqyMXfCzX+oOPqN0vuGqWzbcJ2xvnkzkq46oOpz7dQaTDBdfICb4N14+GARUDw2XV2N4tvzg==",
            "dev": true,
            "license": "MIT",
            "engines": {
                "node": ">=10.0.0"
            },
            "peerDependencies": {
                "bufferutil": "^4.0.1",
                "utf-8-validate": ">=5.0.2"
            },
            "peerDependenciesMeta": {
                "bufferutil": {
                    "optional": true
                },
                "utf-8-validate": {
                    "optional": true
                }
            }
        }
    }
}
